
Microsoft Visual Studio Solution File, Format Version 12.00
# Visual Studio Version 16
VisualStudioVersion = 16.0.29521.150
MinimumVisualStudioVersion = 10.0.40219.1
Project("{9A19103F-16F7-4668-BE54-9A1E7A4F7556}") = "ProyectoApi.WebApi", "ProyectoApi\ProyectoApi.WebApi.csproj", "{972D2793-E58C-4252-A22D-3D20BBDBC841}"
EndProject
Project("{2150E333-8FDC-42A3-9474-1A3956D46DE8}") = "Layers", "Layers", "{4FD3EDB4-2102-4116-9878-0DEE10566233}"
EndProject
Project("{2150E333-8FDC-42A3-9474-1A3956D46DE8}") = "1-Distributed Services", "1-Distributed Services", "{F05B203D-A398-45B2-A59D-90452A8A0874}"
EndProject
Project("{2150E333-8FDC-42A3-9474-1A3956D46DE8}") = "2-Aplication", "2-Aplication", "{A0FB36D7-4F27-46F3-A870-A7A18F3E7056}"
EndProject
Project("{9A19103F-16F7-4668-BE54-9A1E7A4F7556}") = "ProyectoApi.Aplicacion", "ProyectoApi.Aplicacion\ProyectoApi.Aplicacion.csproj", "{11B36D81-52E8-4CC2-99A3-52011BEA0DDD}"
EndProject
Project("{9A19103F-16F7-4668-BE54-9A1E7A4F7556}") = "ProyectoApi.Aplicacion.Contratos", "ProyectoApi.Aplicacion.Contratos\ProyectoApi.Aplicacion.Contratos.csproj", "{A7FA1A6D-A9E2-4D5C-B805-11D1406D65D7}"
EndProject
Project("{2150E333-8FDC-42A3-9474-1A3956D46DE8}") = "3-Business", "3-Business", "{1C7A3046-F3AB-48CA-9273-277FB61A1A0E}"
EndProject
Project("{9A19103F-16F7-4668-BE54-9A1E7A4F7556}") = "ProyectoApi.Negocio", "ProyectoApi.Negocio\ProyectoApi.Negocio.csproj", "{AFA2F0ED-2A92-4C8D-97BA-1AE43207C8E1}"
EndProject
Project("{2150E333-8FDC-42A3-9474-1A3956D46DE8}") = "4-DataAccess", "4-DataAccess", "{3476B7FE-EE68-4ABE-BB2B-C397E5D84BDB}"
EndProject
Project("{2150E333-8FDC-42A3-9474-1A3956D46DE8}") = "5-CrossCutting", "5-CrossCutting", "{850C7C50-636A-43FB-BDD2-72AA1674A3BF}"
EndProject
Project("{9A19103F-16F7-4668-BE54-9A1E7A4F7556}") = "ProyectoApi.Transversal", "ProyectoApi.Transversal\ProyectoApi.Transversal.csproj", "{FF19E79A-C91A-4704-98C2-9ABD9A538AA0}"
EndProject
Project("{9A19103F-16F7-4668-BE54-9A1E7A4F7556}") = "ProyectApi.DataAccess", "ProyectApi.DataAccess\ProyectApi.DataAccess.csproj", "{D92F98A6-8C32-45C2-BE4F-C410185DBA70}"
EndProject
Project("{9A19103F-16F7-4668-BE54-9A1E7A4F7556}") = "ProyectApi.DataAccess.Contracts", "ProyectApi.DataAccess.Contracts\ProyectApi.DataAccess.Contracts.csproj", "{6FEA4A5C-55C7-42AF-AB11-C9DA7763D794}"
EndProject
Project("{2150E333-8FDC-42A3-9474-1A3956D46DE8}") = "Test", "Test", "{BAE39609-B689-4650-B5B4-75E2E25C9F36}"
EndProject
Project("{FAE04EC0-301F-11D3-BF4B-00C04F79EFBC}") = "ProyectoApi.WebApi.Test", "ClassLibrary1\ProyectoApi.WebApi.Test.csproj", "{AA2A6446-A95F-4164-A898-740F83BE76D5}"
EndProject
Global
	GlobalSection(SolutionConfigurationPlatforms) = preSolution
		Debug|Any CPU = Debug|Any CPU
		Release|Any CPU = Release|Any CPU
	EndGlobalSection
	GlobalSection(ProjectConfigurationPlatforms) = postSolution
		{972D2793-E58C-4252-A22D-3D20BBDBC841}.Debug|Any CPU.ActiveCfg = Debug|Any CPU
		{972D2793-E58C-4252-A22D-3D20BBDBC841}.Debug|Any CPU.Build.0 = Debug|Any CPU
		{972D2793-E58C-4252-A22D-3D20BBDBC841}.Release|Any CPU.ActiveCfg = Release|Any CPU
		{972D2793-E58C-4252-A22D-3D20BBDBC841}.Release|Any CPU.Build.0 = Release|Any CPU
		{11B36D81-52E8-4CC2-99A3-52011BEA0DDD}.Debug|Any CPU.ActiveCfg = Debug|Any CPU
		{11B36D81-52E8-4CC2-99A3-52011BEA0DDD}.Debug|Any CPU.Build.0 = Debug|Any CPU
		{11B36D81-52E8-4CC2-99A3-52011BEA0DDD}.Release|Any CPU.ActiveCfg = Release|Any CPU
		{11B36D81-52E8-4CC2-99A3-52011BEA0DDD}.Release|Any CPU.Build.0 = Release|Any CPU
		{A7FA1A6D-A9E2-4D5C-B805-11D1406D65D7}.Debug|Any CPU.ActiveCfg = Debug|Any CPU
		{A7FA1A6D-A9E2-4D5C-B805-11D1406D65D7}.Debug|Any CPU.Build.0 = Debug|Any CPU
		{A7FA1A6D-A9E2-4D5C-B805-11D1406D65D7}.Release|Any CPU.ActiveCfg = Release|Any CPU
		{A7FA1A6D-A9E2-4D5C-B805-11D1406D65D7}.Release|Any CPU.Build.0 = Release|Any CPU
		{AFA2F0ED-2A92-4C8D-97BA-1AE43207C8E1}.Debug|Any CPU.ActiveCfg = Debug|Any CPU
		{AFA2F0ED-2A92-4C8D-97BA-1AE43207C8E1}.Debug|Any CPU.Build.0 = Debug|Any CPU
		{AFA2F0ED-2A92-4C8D-97BA-1AE43207C8E1}.Release|Any CPU.ActiveCfg = Release|Any CPU
		{AFA2F0ED-2A92-4C8D-97BA-1AE43207C8E1}.Release|Any CPU.Build.0 = Release|Any CPU
		{FF19E79A-C91A-4704-98C2-9ABD9A538AA0}.Debug|Any CPU.ActiveCfg = Debug|Any CPU
		{FF19E79A-C91A-4704-98C2-9ABD9A538AA0}.Debug|Any CPU.Build.0 = Debug|Any CPU
		{FF19E79A-C91A-4704-98C2-9ABD9A538AA0}.Release|Any CPU.ActiveCfg = Release|Any CPU
		{FF19E79A-C91A-4704-98C2-9ABD9A538AA0}.Release|Any CPU.Build.0 = Release|Any CPU
		{D92F98A6-8C32-45C2-BE4F-C410185DBA70}.Debug|Any CPU.ActiveCfg = Debug|Any CPU
		{D92F98A6-8C32-45C2-BE4F-C410185DBA70}.Debug|Any CPU.Build.0 = Debug|Any CPU
		{D92F98A6-8C32-45C2-BE4F-C410185DBA70}.Release|Any CPU.ActiveCfg = Release|Any CPU
		{D92F98A6-8C32-45C2-BE4F-C410185DBA70}.Release|Any CPU.Build.0 = Release|Any CPU
		{6FEA4A5C-55C7-42AF-AB11-C9DA7763D794}.Debug|Any CPU.ActiveCfg = Debug|Any CPU
		{6FEA4A5C-55C7-42AF-AB11-C9DA7763D794}.Debug|Any CPU.Build.0 = Debug|Any CPU
		{6FEA4A5C-55C7-42AF-AB11-C9DA7763D794}.Release|Any CPU.ActiveCfg = Release|Any CPU
		{6FEA4A5C-55C7-42AF-AB11-C9DA7763D794}.Release|Any CPU.Build.0 = Release|Any CPU
		{AA2A6446-A95F-4164-A898-740F83BE76D5}.Debug|Any CPU.ActiveCfg = Debug|Any CPU
		{AA2A6446-A95F-4164-A898-740F83BE76D5}.Debug|Any CPU.Build.0 = Debug|Any CPU
		{AA2A6446-A95F-4164-A898-740F83BE76D5}.Release|Any CPU.ActiveCfg = Release|Any CPU
		{AA2A6446-A95F-4164-A898-740F83BE76D5}.Release|Any CPU.Build.0 = Release|Any CPU
	EndGlobalSection
	GlobalSection(SolutionProperties) = preSolution
		HideSolutionNode = FALSE
	EndGlobalSection
	GlobalSection(NestedProjects) = preSolution
		{972D2793-E58C-4252-A22D-3D20BBDBC841} = {F05B203D-A398-45B2-A59D-90452A8A0874}
		{F05B203D-A398-45B2-A59D-90452A8A0874} = {4FD3EDB4-2102-4116-9878-0DEE10566233}
		{A0FB36D7-4F27-46F3-A870-A7A18F3E7056} = {4FD3EDB4-2102-4116-9878-0DEE10566233}
		{11B36D81-52E8-4CC2-99A3-52011BEA0DDD} = {A0FB36D7-4F27-46F3-A870-A7A18F3E7056}
		{A7FA1A6D-A9E2-4D5C-B805-11D1406D65D7} = {A0FB36D7-4F27-46F3-A870-A7A18F3E7056}
		{1C7A3046-F3AB-48CA-9273-277FB61A1A0E} = {4FD3EDB4-2102-4116-9878-0DEE10566233}
		{AFA2F0ED-2A92-4C8D-97BA-1AE43207C8E1} = {1C7A3046-F3AB-48CA-9273-277FB61A1A0E}
		{3476B7FE-EE68-4ABE-BB2B-C397E5D84BDB} = {4FD3EDB4-2102-4116-9878-0DEE10566233}
		{850C7C50-636A-43FB-BDD2-72AA1674A3BF} = {4FD3EDB4-2102-4116-9878-0DEE10566233}
		{FF19E79A-C91A-4704-98C2-9ABD9A538AA0} = {850C7C50-636A-43FB-BDD2-72AA1674A3BF}
		{D92F98A6-8C32-45C2-BE4F-C410185DBA70} = {3476B7FE-EE68-4ABE-BB2B-C397E5D84BDB}
		{6FEA4A5C-55C7-42AF-AB11-C9DA7763D794} = {3476B7FE-EE68-4ABE-BB2B-C397E5D84BDB}
		{AA2A6446-A95F-4164-A898-740F83BE76D5} = {BAE39609-B689-4650-B5B4-75E2E25C9F36}
	EndGlobalSection
	GlobalSection(ExtensibilityGlobals) = postSolution
		SolutionGuid = {F8C5F6EF-3E78-4100-9AB8-0B5923E62F0B}
	EndGlobalSection
EndGlobal
